
Microsoft Visual Studio Solution File, Format Version 12.00
# Visual Studio Version 17
VisualStudioVersion = 17.11.35303.130
MinimumVisualStudioVersion = 10.0.40219.1
Project("{FAE04EC0-301F-11D3-BF4B-00C04F79EFBC}") = "301271988(chauhanpachchigar)_Lab3", "301271988(chauhanpachchigar)_Lab3.csproj", "{33F91FDF-05A8-419C-961C-035FB972485F}"
EndProject
Global
	GlobalSection(SolutionConfigurationPlatforms) = preSolution
		Debug|Any CPU = Debug|Any CPU
		Release|Any CPU = Release|Any CPU
	EndGlobalSection
	GlobalSection(ProjectConfigurationPlatforms) = postSolution
		{33F91FDF-05A8-419C-961C-035FB972485F}.Debug|Any CPU.ActiveCfg = Debug|Any CPU
		{33F91FDF-05A8-419C-961C-035FB972485F}.Debug|Any CPU.Build.0 = Debug|Any CPU
		{33F91FDF-05A8-419C-961C-035FB972485F}.Release|Any CPU.ActiveCfg = Release|Any CPU
		{33F91FDF-05A8-419C-961C-035FB972485F}.Release|Any CPU.Build.0 = Release|Any CPU
	EndGlobalSection
	GlobalSection(SolutionProperties) = preSolution
		HideSolutionNode = FALSE
	EndGlobalSection
	GlobalSection(ExtensibilityGlobals) = postSolution
		SolutionGuid = {C92E08AE-EFFD-4056-9828-82E3EF9F15F2}
	EndGlobalSection
EndGlobal
